
Microsoft Visual Studio Solution File, Format Version 12.00
# Visual Studio Version 17
VisualStudioVersion = 17.13.35931.197 d17.13
MinimumVisualStudioVersion = 10.0.40219.1
Project("{FAE04EC0-301F-11D3-BF4B-00C04F79EFBC}") = "MvcMovie", "MvcMovie\MvcMovie.csproj", "{BF196C86-3F56-495D-8D0F-B52AD15526F5}"
EndProject
Global
	GlobalSection(SolutionConfigurationPlatforms) = preSolution
		Debug|Any CPU = Debug|Any CPU
		Release|Any CPU = Release|Any CPU
	EndGlobalSection
	GlobalSection(ProjectConfigurationPlatforms) = postSolution
		{BF196C86-3F56-495D-8D0F-B52AD15526F5}.Debug|Any CPU.ActiveCfg = Debug|Any CPU
		{BF196C86-3F56-495D-8D0F-B52AD15526F5}.Debug|Any CPU.Build.0 = Debug|Any CPU
		{BF196C86-3F56-495D-8D0F-B52AD15526F5}.Release|Any CPU.ActiveCfg = Release|Any CPU
		{BF196C86-3F56-495D-8D0F-B52AD15526F5}.Release|Any CPU.Build.0 = Release|Any CPU
	EndGlobalSection
	GlobalSection(SolutionProperties) = preSolution
		HideSolutionNode = FALSE
	EndGlobalSection
	GlobalSection(ExtensibilityGlobals) = postSolution
		SolutionGuid = {AF8F3B8B-DBA4-46E8-952F-A95B9B68F12B}
	EndGlobalSection
EndGlobal
